
Microsoft Visual Studio Solution File, Format Version 12.00
# Visual Studio Version 17
VisualStudioVersion = 17.7.34221.43
MinimumVisualStudioVersion = 10.0.40219.1
Project("{FAE04EC0-301F-11D3-BF4B-00C04F79EFBC}") = "SpotifyClonePresentation", "SpotifyClonePresentation\SpotifyClonePresentation.csproj", "{8E7D65D4-AF01-4415-A3CE-545378EFAEB3}"
EndProject
Project("{FAE04EC0-301F-11D3-BF4B-00C04F79EFBC}") = "SpotifyCloneServices", "SpotifyCloneServices\SpotifyCloneServices.csproj", "{9A712B7B-76A0-43F2-9B41-F4B0EE61BE4A}"
EndProject
Project("{FAE04EC0-301F-11D3-BF4B-00C04F79EFBC}") = "SpotifyCloneDatasource", "SpotifyCloneDatasource\SpotifyCloneDatasource.csproj", "{C11CB7A5-96A2-49E6-A594-6BDF8A98C4B1}"
EndProject
Global
	GlobalSection(SolutionConfigurationPlatforms) = preSolution
		Debug|Any CPU = Debug|Any CPU
		Release|Any CPU = Release|Any CPU
	EndGlobalSection
	GlobalSection(ProjectConfigurationPlatforms) = postSolution
		{8E7D65D4-AF01-4415-A3CE-545378EFAEB3}.Debug|Any CPU.ActiveCfg = Debug|Any CPU
		{8E7D65D4-AF01-4415-A3CE-545378EFAEB3}.Debug|Any CPU.Build.0 = Debug|Any CPU
		{8E7D65D4-AF01-4415-A3CE-545378EFAEB3}.Release|Any CPU.ActiveCfg = Release|Any CPU
		{8E7D65D4-AF01-4415-A3CE-545378EFAEB3}.Release|Any CPU.Build.0 = Release|Any CPU
		{9A712B7B-76A0-43F2-9B41-F4B0EE61BE4A}.Debug|Any CPU.ActiveCfg = Debug|Any CPU
		{9A712B7B-76A0-43F2-9B41-F4B0EE61BE4A}.Debug|Any CPU.Build.0 = Debug|Any CPU
		{9A712B7B-76A0-43F2-9B41-F4B0EE61BE4A}.Release|Any CPU.ActiveCfg = Release|Any CPU
		{9A712B7B-76A0-43F2-9B41-F4B0EE61BE4A}.Release|Any CPU.Build.0 = Release|Any CPU
		{C11CB7A5-96A2-49E6-A594-6BDF8A98C4B1}.Debug|Any CPU.ActiveCfg = Debug|Any CPU
		{C11CB7A5-96A2-49E6-A594-6BDF8A98C4B1}.Debug|Any CPU.Build.0 = Debug|Any CPU
		{C11CB7A5-96A2-49E6-A594-6BDF8A98C4B1}.Release|Any CPU.ActiveCfg = Release|Any CPU
		{C11CB7A5-96A2-49E6-A594-6BDF8A98C4B1}.Release|Any CPU.Build.0 = Release|Any CPU
	EndGlobalSection
	GlobalSection(SolutionProperties) = preSolution
		HideSolutionNode = FALSE
	EndGlobalSection
	GlobalSection(ExtensibilityGlobals) = postSolution
		SolutionGuid = {B731FE54-CCB3-4D5A-9065-003608860A5A}
	EndGlobalSection
EndGlobal
